
Microsoft Visual Studio Solution File, Format Version 11.00
# Visual Studio 2010
Project("{FAE04EC0-301F-11D3-BF4B-00C04F79EFBC}") = "UnityEngine.TestRunner", "UnityEngine.TestRunner.csproj", "{a2b50ca7-e6b2-71c8-ef82-2fabc0dd1746}"
EndProject
Project("{FAE04EC0-301F-11D3-BF4B-00C04F79EFBC}") = "Unity.VisualScripting.Flow", "Unity.VisualScripting.Flow.csproj", "{3193d64a-8938-7049-52c9-ec0ec483eecd}"
EndProject
Project("{FAE04EC0-301F-11D3-BF4B-00C04F79EFBC}") = "Unity.Services.Core.Telemetry", "Unity.Services.Core.Telemetry.csproj", "{e7439ea5-c08f-4279-66df-a1724dbb37a1}"
EndProject
Project("{FAE04EC0-301F-11D3-BF4B-00C04F79EFBC}") = "Unity.VisualScripting.State", "Unity.VisualScripting.State.csproj", "{35217039-fe4a-4773-c311-0181321d48de}"
EndProject
Project("{FAE04EC0-301F-11D3-BF4B-00C04F79EFBC}") = "Unity.VisualScripting.Core", "Unity.VisualScripting.Core.csproj", "{812a891a-4fcb-9251-624e-26a79280b6af}"
EndProject
Project("{FAE04EC0-301F-11D3-BF4B-00C04F79EFBC}") = "Unity.Services.Core.Environments.Internal", "Unity.Services.Core.Environments.Internal.csproj", "{dee1a1b0-207f-e84f-26c6-0cc77d0cfd5b}"
EndProject
Project("{FAE04EC0-301F-11D3-BF4B-00C04F79EFBC}") = "Unity.TextMeshPro", "Unity.TextMeshPro.csproj", "{2c40681e-815c-7754-0469-85b92beef3fc}"
EndProject
Project("{FAE04EC0-301F-11D3-BF4B-00C04F79EFBC}") = "Unity.Timeline", "Unity.Timeline.csproj", "{efd6aa8a-8017-87d2-4564-f60af5442a99}"
EndProject
Project("{FAE04EC0-301F-11D3-BF4B-00C04F79EFBC}") = "Unity.Services.Core", "Unity.Services.Core.csproj", "{b3647d54-a8d1-c452-c779-0f422089580b}"
EndProject
Project("{FAE04EC0-301F-11D3-BF4B-00C04F79EFBC}") = "Siccity.GLTFUtility", "Siccity.GLTFUtility.csproj", "{977eece4-5e56-9d99-8337-c5b2325750d2}"
EndProject
Project("{FAE04EC0-301F-11D3-BF4B-00C04F79EFBC}") = "Unity.Services.Core.Environments", "Unity.Services.Core.Environments.csproj", "{6ef7032e-79b0-82f0-ddf8-37bde96526c4}"
EndProject
Project("{FAE04EC0-301F-11D3-BF4B-00C04F79EFBC}") = "Unity.Services.Core.Internal", "Unity.Services.Core.Internal.csproj", "{77f53d44-ebfb-6b4c-6336-d6df7ecc10ef}"
EndProject
Project("{FAE04EC0-301F-11D3-BF4B-00C04F79EFBC}") = "Unity.Services.Core.Analytics", "Unity.Services.Core.Analytics.csproj", "{33e95e7c-f791-805c-5e22-1f3bf5e5d4a2}"
EndProject
Project("{FAE04EC0-301F-11D3-BF4B-00C04F79EFBC}") = "Unity.Services.Core.Scheduler", "Unity.Services.Core.Scheduler.csproj", "{5efb840c-900f-2680-9278-9878bb9e5957}"
EndProject
Project("{FAE04EC0-301F-11D3-BF4B-00C04F79EFBC}") = "Unity.Services.Core.Registration", "Unity.Services.Core.Registration.csproj", "{be74f5d3-49b1-bc78-6db5-21547600d91c}"
EndProject
Project("{FAE04EC0-301F-11D3-BF4B-00C04F79EFBC}") = "Unity.Services.Core.Device", "Unity.Services.Core.Device.csproj", "{6ddfc98f-bc83-75d8-a68d-7ed20114bdc5}"
EndProject
Project("{FAE04EC0-301F-11D3-BF4B-00C04F79EFBC}") = "Unity.Services.Core.Threading", "Unity.Services.Core.Threading.csproj", "{86747126-a1fd-62ff-80ef-86607bb49757}"
EndProject
Project("{FAE04EC0-301F-11D3-BF4B-00C04F79EFBC}") = "Unity.Services.Core.Networking", "Unity.Services.Core.Networking.csproj", "{f7084b71-2a42-dfac-c7be-cfb30ec794e4}"
EndProject
Project("{FAE04EC0-301F-11D3-BF4B-00C04F79EFBC}") = "Unity.Services.Core.Configuration", "Unity.Services.Core.Configuration.csproj", "{e0fd2ae8-b715-baf2-0200-18799b734aa1}"
EndProject
Project("{FAE04EC0-301F-11D3-BF4B-00C04F79EFBC}") = "Dracodec", "Dracodec.csproj", "{f1591381-5e22-073b-2d2d-a450e25aa894}"
EndProject
Project("{FAE04EC0-301F-11D3-BF4B-00C04F79EFBC}") = "Assembly-CSharp", "Assembly-CSharp.csproj", "{c02862cf-920a-94d5-cb1b-f3952cfefe10}"
EndProject
Project("{FAE04EC0-301F-11D3-BF4B-00C04F79EFBC}") = "Unity.PlasticSCM.Editor", "Unity.PlasticSCM.Editor.csproj", "{b2b1152b-a501-4425-a0b9-8bbff7fa3afa}"
EndProject
Project("{FAE04EC0-301F-11D3-BF4B-00C04F79EFBC}") = "Unity.VisualScripting.Core.Editor", "Unity.VisualScripting.Core.Editor.csproj", "{db1a883e-61c0-eb76-c970-d289364a177a}"
EndProject
Project("{FAE04EC0-301F-11D3-BF4B-00C04F79EFBC}") = "Unity.VisualScripting.Flow.Editor", "Unity.VisualScripting.Flow.Editor.csproj", "{2c91b5b1-45ba-fa38-2eb0-e1560624473e}"
EndProject
Project("{FAE04EC0-301F-11D3-BF4B-00C04F79EFBC}") = "Unity.VisualStudio.Editor", "Unity.VisualStudio.Editor.csproj", "{9252eca1-87b5-052b-e387-4e9b2fc29c8e}"
EndProject
Project("{FAE04EC0-301F-11D3-BF4B-00C04F79EFBC}") = "Unity.Timeline.Editor", "Unity.Timeline.Editor.csproj", "{86f13ab4-0375-d49f-ac88-5dcbe5228e42}"
EndProject
Project("{FAE04EC0-301F-11D3-BF4B-00C04F79EFBC}") = "Unity.VisualScripting.State.Editor", "Unity.VisualScripting.State.Editor.csproj", "{7ae327ec-61ba-cde4-12cd-3e7585e3d6d9}"
EndProject
Project("{FAE04EC0-301F-11D3-BF4B-00C04F79EFBC}") = "Unity.TextMeshPro.Editor", "Unity.TextMeshPro.Editor.csproj", "{486778b2-40f5-1708-a55f-7a5572976ab3}"
EndProject
Project("{FAE04EC0-301F-11D3-BF4B-00C04F79EFBC}") = "Siccity.GLTFUtility.Editor", "Siccity.GLTFUtility.Editor.csproj", "{ea74b6b6-cc5a-9d54-e313-a753acf33906}"
EndProject
Project("{FAE04EC0-301F-11D3-BF4B-00C04F79EFBC}") = "Unity.VisualScripting.SettingsProvider.Editor", "Unity.VisualScripting.SettingsProvider.Editor.csproj", "{d29e1ce6-31d8-4549-8eb4-9cc8d043f71e}"
EndProject
Project("{FAE04EC0-301F-11D3-BF4B-00C04F79EFBC}") = "Unity.CollabProxy.Editor", "Unity.CollabProxy.Editor.csproj", "{02296e92-45ba-86b5-db99-9ff3577e88de}"
EndProject
Project("{FAE04EC0-301F-11D3-BF4B-00C04F79EFBC}") = "UnityEditor.TestRunner", "UnityEditor.TestRunner.csproj", "{1299a3be-706b-efa3-8b03-9e894c208605}"
EndProject
Project("{FAE04EC0-301F-11D3-BF4B-00C04F79EFBC}") = "Unity.Services.Core.Editor", "Unity.Services.Core.Editor.csproj", "{34715721-8a4d-0bb4-d639-0b9c6410426a}"
EndProject
Project("{FAE04EC0-301F-11D3-BF4B-00C04F79EFBC}") = "Unity.TestTools.CodeCoverage.Editor", "Unity.TestTools.CodeCoverage.Editor.csproj", "{5c3dd12f-2932-566f-9bc8-84c6572e90c7}"
EndProject
Project("{FAE04EC0-301F-11D3-BF4B-00C04F79EFBC}") = "Unity.Rider.Editor", "Unity.Rider.Editor.csproj", "{99d65ec3-4f24-a3df-51d2-26ed33d033c6}"
EndProject
Project("{FAE04EC0-301F-11D3-BF4B-00C04F79EFBC}") = "Unity.Performance.Profile-Analyzer.Editor", "Unity.Performance.Profile-Analyzer.Editor.csproj", "{d9f52182-f855-4cd6-b767-fec86bfeaf3f}"
EndProject
Project("{FAE04EC0-301F-11D3-BF4B-00C04F79EFBC}") = "Unity.VSCode.Editor", "Unity.VSCode.Editor.csproj", "{19cefda3-66bc-b9a6-dacb-0fd3a9b0d0f5}"
EndProject
Project("{FAE04EC0-301F-11D3-BF4B-00C04F79EFBC}") = "Unity.TestTools.CodeCoverage.Editor.OpenCover.Model", "Unity.TestTools.CodeCoverage.Editor.OpenCover.Model.csproj", "{4d46ade1-e596-9760-f971-b4e29f5bfc32}"
EndProject
Project("{FAE04EC0-301F-11D3-BF4B-00C04F79EFBC}") = "Unity.EditorCoroutines.Editor", "Unity.EditorCoroutines.Editor.csproj", "{2a68cf9b-2927-d09a-5a00-a3389af0942b}"
EndProject
Project("{FAE04EC0-301F-11D3-BF4B-00C04F79EFBC}") = "Unity.Settings.Editor", "Unity.Settings.Editor.csproj", "{e3f7291f-c66d-b92a-66c4-3acb2a29d55f}"
EndProject
Project("{FAE04EC0-301F-11D3-BF4B-00C04F79EFBC}") = "Unity.Services.Core.Configuration.Editor", "Unity.Services.Core.Configuration.Editor.csproj", "{1f29de04-a1d6-d820-59ce-0948a3ec43af}"
EndProject
Project("{FAE04EC0-301F-11D3-BF4B-00C04F79EFBC}") = "Unity.TestTools.CodeCoverage.Editor.OpenCover.Mono.Reflection", "Unity.TestTools.CodeCoverage.Editor.OpenCover.Mono.Reflection.csproj", "{00959cbb-2dd2-4b1a-4229-a91c80b40ee7}"
EndProject
Project("{FAE04EC0-301F-11D3-BF4B-00C04F79EFBC}") = "Unity.VisualScripting.Shared.Editor", "Unity.VisualScripting.Shared.Editor.csproj", "{ee0015f4-0932-73aa-bb83-bce4103dc247}"
EndProject
Global
	GlobalSection(SolutionConfigurationPlatforms) = preSolution
		Debug|Any CPU = Debug|Any CPU
	EndGlobalSection
	GlobalSection(ProjectConfigurationPlatforms) = postSolution
		{a2b50ca7-e6b2-71c8-ef82-2fabc0dd1746}.Debug|Any CPU.ActiveCfg = Debug|Any CPU
		{a2b50ca7-e6b2-71c8-ef82-2fabc0dd1746}.Debug|Any CPU.Build.0 = Debug|Any CPU
		{3193d64a-8938-7049-52c9-ec0ec483eecd}.Debug|Any CPU.ActiveCfg = Debug|Any CPU
		{3193d64a-8938-7049-52c9-ec0ec483eecd}.Debug|Any CPU.Build.0 = Debug|Any CPU
		{e7439ea5-c08f-4279-66df-a1724dbb37a1}.Debug|Any CPU.ActiveCfg = Debug|Any CPU
		{e7439ea5-c08f-4279-66df-a1724dbb37a1}.Debug|Any CPU.Build.0 = Debug|Any CPU
		{35217039-fe4a-4773-c311-0181321d48de}.Debug|Any CPU.ActiveCfg = Debug|Any CPU
		{35217039-fe4a-4773-c311-0181321d48de}.Debug|Any CPU.Build.0 = Debug|Any CPU
		{812a891a-4fcb-9251-624e-26a79280b6af}.Debug|Any CPU.ActiveCfg = Debug|Any CPU
		{812a891a-4fcb-9251-624e-26a79280b6af}.Debug|Any CPU.Build.0 = Debug|Any CPU
		{dee1a1b0-207f-e84f-26c6-0cc77d0cfd5b}.Debug|Any CPU.ActiveCfg = Debug|Any CPU
		{dee1a1b0-207f-e84f-26c6-0cc77d0cfd5b}.Debug|Any CPU.Build.0 = Debug|Any CPU
		{2c40681e-815c-7754-0469-85b92beef3fc}.Debug|Any CPU.ActiveCfg = Debug|Any CPU
		{2c40681e-815c-7754-0469-85b92beef3fc}.Debug|Any CPU.Build.0 = Debug|Any CPU
		{efd6aa8a-8017-87d2-4564-f60af5442a99}.Debug|Any CPU.ActiveCfg = Debug|Any CPU
		{efd6aa8a-8017-87d2-4564-f60af5442a99}.Debug|Any CPU.Build.0 = Debug|Any CPU
		{b3647d54-a8d1-c452-c779-0f422089580b}.Debug|Any CPU.ActiveCfg = Debug|Any CPU
		{b3647d54-a8d1-c452-c779-0f422089580b}.Debug|Any CPU.Build.0 = Debug|Any CPU
		{977eece4-5e56-9d99-8337-c5b2325750d2}.Debug|Any CPU.ActiveCfg = Debug|Any CPU
		{977eece4-5e56-9d99-8337-c5b2325750d2}.Debug|Any CPU.Build.0 = Debug|Any CPU
		{6ef7032e-79b0-82f0-ddf8-37bde96526c4}.Debug|Any CPU.ActiveCfg = Debug|Any CPU
		{6ef7032e-79b0-82f0-ddf8-37bde96526c4}.Debug|Any CPU.Build.0 = Debug|Any CPU
		{77f53d44-ebfb-6b4c-6336-d6df7ecc10ef}.Debug|Any CPU.ActiveCfg = Debug|Any CPU
		{77f53d44-ebfb-6b4c-6336-d6df7ecc10ef}.Debug|Any CPU.Build.0 = Debug|Any CPU
		{33e95e7c-f791-805c-5e22-1f3bf5e5d4a2}.Debug|Any CPU.ActiveCfg = Debug|Any CPU
		{33e95e7c-f791-805c-5e22-1f3bf5e5d4a2}.Debug|Any CPU.Build.0 = Debug|Any CPU
		{5efb840c-900f-2680-9278-9878bb9e5957}.Debug|Any CPU.ActiveCfg = Debug|Any CPU
		{5efb840c-900f-2680-9278-9878bb9e5957}.Debug|Any CPU.Build.0 = Debug|Any CPU
		{be74f5d3-49b1-bc78-6db5-21547600d91c}.Debug|Any CPU.ActiveCfg = Debug|Any CPU
		{be74f5d3-49b1-bc78-6db5-21547600d91c}.Debug|Any CPU.Build.0 = Debug|Any CPU
		{6ddfc98f-bc83-75d8-a68d-7ed20114bdc5}.Debug|Any CPU.ActiveCfg = Debug|Any CPU
		{6ddfc98f-bc83-75d8-a68d-7ed20114bdc5}.Debug|Any CPU.Build.0 = Debug|Any CPU
		{86747126-a1fd-62ff-80ef-86607bb49757}.Debug|Any CPU.ActiveCfg = Debug|Any CPU
		{86747126-a1fd-62ff-80ef-86607bb49757}.Debug|Any CPU.Build.0 = Debug|Any CPU
		{f7084b71-2a42-dfac-c7be-cfb30ec794e4}.Debug|Any CPU.ActiveCfg = Debug|Any CPU
		{f7084b71-2a42-dfac-c7be-cfb30ec794e4}.Debug|Any CPU.Build.0 = Debug|Any CPU
		{e0fd2ae8-b715-baf2-0200-18799b734aa1}.Debug|Any CPU.ActiveCfg = Debug|Any CPU
		{e0fd2ae8-b715-baf2-0200-18799b734aa1}.Debug|Any CPU.Build.0 = Debug|Any CPU
		{f1591381-5e22-073b-2d2d-a450e25aa894}.Debug|Any CPU.ActiveCfg = Debug|Any CPU
		{f1591381-5e22-073b-2d2d-a450e25aa894}.Debug|Any CPU.Build.0 = Debug|Any CPU
		{c02862cf-920a-94d5-cb1b-f3952cfefe10}.Debug|Any CPU.ActiveCfg = Debug|Any CPU
		{c02862cf-920a-94d5-cb1b-f3952cfefe10}.Debug|Any CPU.Build.0 = Debug|Any CPU
		{b2b1152b-a501-4425-a0b9-8bbff7fa3afa}.Debug|Any CPU.ActiveCfg = Debug|Any CPU
		{b2b1152b-a501-4425-a0b9-8bbff7fa3afa}.Debug|Any CPU.Build.0 = Debug|Any CPU
		{db1a883e-61c0-eb76-c970-d289364a177a}.Debug|Any CPU.ActiveCfg = Debug|Any CPU
		{db1a883e-61c0-eb76-c970-d289364a177a}.Debug|Any CPU.Build.0 = Debug|Any CPU
		{2c91b5b1-45ba-fa38-2eb0-e1560624473e}.Debug|Any CPU.ActiveCfg = Debug|Any CPU
		{2c91b5b1-45ba-fa38-2eb0-e1560624473e}.Debug|Any CPU.Build.0 = Debug|Any CPU
		{9252eca1-87b5-052b-e387-4e9b2fc29c8e}.Debug|Any CPU.ActiveCfg = Debug|Any CPU
		{9252eca1-87b5-052b-e387-4e9b2fc29c8e}.Debug|Any CPU.Build.0 = Debug|Any CPU
		{86f13ab4-0375-d49f-ac88-5dcbe5228e42}.Debug|Any CPU.ActiveCfg = Debug|Any CPU
		{86f13ab4-0375-d49f-ac88-5dcbe5228e42}.Debug|Any CPU.Build.0 = Debug|Any CPU
		{7ae327ec-61ba-cde4-12cd-3e7585e3d6d9}.Debug|Any CPU.ActiveCfg = Debug|Any CPU
		{7ae327ec-61ba-cde4-12cd-3e7585e3d6d9}.Debug|Any CPU.Build.0 = Debug|Any CPU
		{486778b2-40f5-1708-a55f-7a5572976ab3}.Debug|Any CPU.ActiveCfg = Debug|Any CPU
		{486778b2-40f5-1708-a55f-7a5572976ab3}.Debug|Any CPU.Build.0 = Debug|Any CPU
		{ea74b6b6-cc5a-9d54-e313-a753acf33906}.Debug|Any CPU.ActiveCfg = Debug|Any CPU
		{ea74b6b6-cc5a-9d54-e313-a753acf33906}.Debug|Any CPU.Build.0 = Debug|Any CPU
		{d29e1ce6-31d8-4549-8eb4-9cc8d043f71e}.Debug|Any CPU.ActiveCfg = Debug|Any CPU
		{d29e1ce6-31d8-4549-8eb4-9cc8d043f71e}.Debug|Any CPU.Build.0 = Debug|Any CPU
		{02296e92-45ba-86b5-db99-9ff3577e88de}.Debug|Any CPU.ActiveCfg = Debug|Any CPU
		{02296e92-45ba-86b5-db99-9ff3577e88de}.Debug|Any CPU.Build.0 = Debug|Any CPU
		{1299a3be-706b-efa3-8b03-9e894c208605}.Debug|Any CPU.ActiveCfg = Debug|Any CPU
		{1299a3be-706b-efa3-8b03-9e894c208605}.Debug|Any CPU.Build.0 = Debug|Any CPU
		{34715721-8a4d-0bb4-d639-0b9c6410426a}.Debug|Any CPU.ActiveCfg = Debug|Any CPU
		{34715721-8a4d-0bb4-d639-0b9c6410426a}.Debug|Any CPU.Build.0 = Debug|Any CPU
		{5c3dd12f-2932-566f-9bc8-84c6572e90c7}.Debug|Any CPU.ActiveCfg = Debug|Any CPU
		{5c3dd12f-2932-566f-9bc8-84c6572e90c7}.Debug|Any CPU.Build.0 = Debug|Any CPU
		{99d65ec3-4f24-a3df-51d2-26ed33d033c6}.Debug|Any CPU.ActiveCfg = Debug|Any CPU
		{99d65ec3-4f24-a3df-51d2-26ed33d033c6}.Debug|Any CPU.Build.0 = Debug|Any CPU
		{d9f52182-f855-4cd6-b767-fec86bfeaf3f}.Debug|Any CPU.ActiveCfg = Debug|Any CPU
		{d9f52182-f855-4cd6-b767-fec86bfeaf3f}.Debug|Any CPU.Build.0 = Debug|Any CPU
		{19cefda3-66bc-b9a6-dacb-0fd3a9b0d0f5}.Debug|Any CPU.ActiveCfg = Debug|Any CPU
		{19cefda3-66bc-b9a6-dacb-0fd3a9b0d0f5}.Debug|Any CPU.Build.0 = Debug|Any CPU
		{4d46ade1-e596-9760-f971-b4e29f5bfc32}.Debug|Any CPU.ActiveCfg = Debug|Any CPU
		{4d46ade1-e596-9760-f971-b4e29f5bfc32}.Debug|Any CPU.Build.0 = Debug|Any CPU
		{2a68cf9b-2927-d09a-5a00-a3389af0942b}.Debug|Any CPU.ActiveCfg = Debug|Any CPU
		{2a68cf9b-2927-d09a-5a00-a3389af0942b}.Debug|Any CPU.Build.0 = Debug|Any CPU
		{e3f7291f-c66d-b92a-66c4-3acb2a29d55f}.Debug|Any CPU.ActiveCfg = Debug|Any CPU
		{e3f7291f-c66d-b92a-66c4-3acb2a29d55f}.Debug|Any CPU.Build.0 = Debug|Any CPU
		{1f29de04-a1d6-d820-59ce-0948a3ec43af}.Debug|Any CPU.ActiveCfg = Debug|Any CPU
		{1f29de04-a1d6-d820-59ce-0948a3ec43af}.Debug|Any CPU.Build.0 = Debug|Any CPU
		{00959cbb-2dd2-4b1a-4229-a91c80b40ee7}.Debug|Any CPU.ActiveCfg = Debug|Any CPU
		{00959cbb-2dd2-4b1a-4229-a91c80b40ee7}.Debug|Any CPU.Build.0 = Debug|Any CPU
		{ee0015f4-0932-73aa-bb83-bce4103dc247}.Debug|Any CPU.ActiveCfg = Debug|Any CPU
		{ee0015f4-0932-73aa-bb83-bce4103dc247}.Debug|Any CPU.Build.0 = Debug|Any CPU
	EndGlobalSection
	GlobalSection(SolutionProperties) = preSolution
		HideSolutionNode = FALSE
	EndGlobalSection
EndGlobal
